
Microsoft Visual Studio Solution File, Format Version 12.00
# Visual Studio Version 17
VisualStudioVersion = 17.4.33403.182
MinimumVisualStudioVersion = 10.0.40219.1
Project("{FAE04EC0-301F-11D3-BF4B-00C04F79EFBC}") = "Casgem_UnitOfWork.EntityLayer", "Casgem_UnitOfWork.EntityLayer\Casgem_UnitOfWork.EntityLayer.csproj", "{C0A39868-3E8A-4846-A6CA-52E624A708DD}"
EndProject
Project("{FAE04EC0-301F-11D3-BF4B-00C04F79EFBC}") = "Casgem_UnitOfWork.DataAccessLayer", "Casgem_UnitOfWork.DataAccessLayer\Casgem_UnitOfWork.DataAccessLayer.csproj", "{4C57A39E-A7BD-49F3-BE22-B413F3DCA743}"
EndProject
Project("{FAE04EC0-301F-11D3-BF4B-00C04F79EFBC}") = "Casgem_UnitOfWork.BusinessLayer", "Casgem_UnitOfWork.BusinessLayer\Casgem_UnitOfWork.BusinessLayer.csproj", "{8880A8C5-E144-481F-A46B-FD7671920A62}"
EndProject
Project("{FAE04EC0-301F-11D3-BF4B-00C04F79EFBC}") = "Casgem_UnitOfWork.PresentationLayer", "Casgem_UnitOfWork.PresentationLayer\Casgem_UnitOfWork.PresentationLayer.csproj", "{BF119253-3AA8-4E85-AD16-1DC0DDCAFED1}"
EndProject
Global
	GlobalSection(SolutionConfigurationPlatforms) = preSolution
		Debug|Any CPU = Debug|Any CPU
		Release|Any CPU = Release|Any CPU
	EndGlobalSection
	GlobalSection(ProjectConfigurationPlatforms) = postSolution
		{C0A39868-3E8A-4846-A6CA-52E624A708DD}.Debug|Any CPU.ActiveCfg = Debug|Any CPU
		{C0A39868-3E8A-4846-A6CA-52E624A708DD}.Debug|Any CPU.Build.0 = Debug|Any CPU
		{C0A39868-3E8A-4846-A6CA-52E624A708DD}.Release|Any CPU.ActiveCfg = Release|Any CPU
		{C0A39868-3E8A-4846-A6CA-52E624A708DD}.Release|Any CPU.Build.0 = Release|Any CPU
		{4C57A39E-A7BD-49F3-BE22-B413F3DCA743}.Debug|Any CPU.ActiveCfg = Debug|Any CPU
		{4C57A39E-A7BD-49F3-BE22-B413F3DCA743}.Debug|Any CPU.Build.0 = Debug|Any CPU
		{4C57A39E-A7BD-49F3-BE22-B413F3DCA743}.Release|Any CPU.ActiveCfg = Release|Any CPU
		{4C57A39E-A7BD-49F3-BE22-B413F3DCA743}.Release|Any CPU.Build.0 = Release|Any CPU
		{8880A8C5-E144-481F-A46B-FD7671920A62}.Debug|Any CPU.ActiveCfg = Debug|Any CPU
		{8880A8C5-E144-481F-A46B-FD7671920A62}.Debug|Any CPU.Build.0 = Debug|Any CPU
		{8880A8C5-E144-481F-A46B-FD7671920A62}.Release|Any CPU.ActiveCfg = Release|Any CPU
		{8880A8C5-E144-481F-A46B-FD7671920A62}.Release|Any CPU.Build.0 = Release|Any CPU
		{BF119253-3AA8-4E85-AD16-1DC0DDCAFED1}.Debug|Any CPU.ActiveCfg = Debug|Any CPU
		{BF119253-3AA8-4E85-AD16-1DC0DDCAFED1}.Debug|Any CPU.Build.0 = Debug|Any CPU
		{BF119253-3AA8-4E85-AD16-1DC0DDCAFED1}.Release|Any CPU.ActiveCfg = Release|Any CPU
		{BF119253-3AA8-4E85-AD16-1DC0DDCAFED1}.Release|Any CPU.Build.0 = Release|Any CPU
	EndGlobalSection
	GlobalSection(SolutionProperties) = preSolution
		HideSolutionNode = FALSE
	EndGlobalSection
	GlobalSection(ExtensibilityGlobals) = postSolution
		SolutionGuid = {1057DE39-A395-467C-8898-70642D07C5D2}
	EndGlobalSection
EndGlobal
